
Microsoft Visual Studio Solution File, Format Version 12.00
# Visual Studio 15
VisualStudioVersion = 15.0.26403.0
MinimumVisualStudioVersion = 10.0.40219.1
Project("{FAE04EC0-301F-11D3-BF4B-00C04F79EFBC}") = "MakersDefense", "MakersDefense\MakersDefense.csproj", "{B17CB162-FB2F-4DD9-9E9C-705F3DBF0085}"
EndProject
Global
	GlobalSection(SolutionConfigurationPlatforms) = preSolution
		Debug|Any CPU = Debug|Any CPU
		Release|Any CPU = Release|Any CPU
	EndGlobalSection
	GlobalSection(ProjectConfigurationPlatforms) = postSolution
		{B17CB162-FB2F-4DD9-9E9C-705F3DBF0085}.Debug|Any CPU.ActiveCfg = Debug|Any CPU
		{B17CB162-FB2F-4DD9-9E9C-705F3DBF0085}.Debug|Any CPU.Build.0 = Debug|Any CPU
		{B17CB162-FB2F-4DD9-9E9C-705F3DBF0085}.Release|Any CPU.ActiveCfg = Release|Any CPU
		{B17CB162-FB2F-4DD9-9E9C-705F3DBF0085}.Release|Any CPU.Build.0 = Release|Any CPU
	EndGlobalSection
	GlobalSection(SolutionProperties) = preSolution
		HideSolutionNode = FALSE
	EndGlobalSection
EndGlobal
